
Microsoft Visual Studio Solution File, Format Version 12.00
# Visual Studio Version 17
VisualStudioVersion = 17.14.36511.14 d17.14
MinimumVisualStudioVersion = 10.0.40219.1
Project("{FAE04EC0-301F-11D3-BF4B-00C04F79EFBC}") = "Practico3", "Practico3.csproj", "{04C1D143-5BA1-41F5-9803-908C0861CDB9}"
EndProject
Global
	GlobalSection(SolutionConfigurationPlatforms) = preSolution
		Debug|Any CPU = Debug|Any CPU
		Release|Any CPU = Release|Any CPU
	EndGlobalSection
	GlobalSection(ProjectConfigurationPlatforms) = postSolution
		{04C1D143-5BA1-41F5-9803-908C0861CDB9}.Debug|Any CPU.ActiveCfg = Debug|Any CPU
		{04C1D143-5BA1-41F5-9803-908C0861CDB9}.Debug|Any CPU.Build.0 = Debug|Any CPU
		{04C1D143-5BA1-41F5-9803-908C0861CDB9}.Release|Any CPU.ActiveCfg = Release|Any CPU
		{04C1D143-5BA1-41F5-9803-908C0861CDB9}.Release|Any CPU.Build.0 = Release|Any CPU
	EndGlobalSection
	GlobalSection(SolutionProperties) = preSolution
		HideSolutionNode = FALSE
	EndGlobalSection
	GlobalSection(ExtensibilityGlobals) = postSolution
		SolutionGuid = {6832F6B8-42F5-4CE1-B7E1-DC1FC56DA7D2}
	EndGlobalSection
EndGlobal
